
Microsoft Visual Studio Solution File, Format Version 12.00
# Visual Studio Version 17
VisualStudioVersion = 17.4.33213.308
MinimumVisualStudioVersion = 10.0.40219.1
Project("{FAE04EC0-301F-11D3-BF4B-00C04F79EFBC}") = "TaskManager", "TaskManager\TaskManager.csproj", "{D60F6131-8983-4442-AFDF-7C28DEC6A2E1}"
EndProject
Global
	GlobalSection(SolutionConfigurationPlatforms) = preSolution
		Debug|Any CPU = Debug|Any CPU
		Release|Any CPU = Release|Any CPU
	EndGlobalSection
	GlobalSection(ProjectConfigurationPlatforms) = postSolution
		{D60F6131-8983-4442-AFDF-7C28DEC6A2E1}.Debug|Any CPU.ActiveCfg = Debug|Any CPU
		{D60F6131-8983-4442-AFDF-7C28DEC6A2E1}.Debug|Any CPU.Build.0 = Debug|Any CPU
		{D60F6131-8983-4442-AFDF-7C28DEC6A2E1}.Release|Any CPU.ActiveCfg = Release|Any CPU
		{D60F6131-8983-4442-AFDF-7C28DEC6A2E1}.Release|Any CPU.Build.0 = Release|Any CPU
	EndGlobalSection
	GlobalSection(SolutionProperties) = preSolution
		HideSolutionNode = FALSE
	EndGlobalSection
	GlobalSection(ExtensibilityGlobals) = postSolution
		SolutionGuid = {5F880871-4F9B-495D-A159-EA0DB9F92616}
	EndGlobalSection
EndGlobal
